
Microsoft Visual Studio Solution File, Format Version 12.00
# Visual Studio Version 17
VisualStudioVersion = 17.5.33516.290
MinimumVisualStudioVersion = 10.0.40219.1
Project("{8BC9CEB8-8B4A-11D0-8D11-00A0C91BC942}") = "otchet_4_9", "otchet_4_9\otchet_4_9.vcxproj", "{4F83EAF5-EB28-4270-84BA-F6EE2000C767}"
EndProject
Global
	GlobalSection(SolutionConfigurationPlatforms) = preSolution
		Debug|x64 = Debug|x64
		Debug|x86 = Debug|x86
		Release|x64 = Release|x64
		Release|x86 = Release|x86
	EndGlobalSection
	GlobalSection(ProjectConfigurationPlatforms) = postSolution
		{4F83EAF5-EB28-4270-84BA-F6EE2000C767}.Debug|x64.ActiveCfg = Debug|x64
		{4F83EAF5-EB28-4270-84BA-F6EE2000C767}.Debug|x64.Build.0 = Debug|x64
		{4F83EAF5-EB28-4270-84BA-F6EE2000C767}.Debug|x86.ActiveCfg = Debug|Win32
		{4F83EAF5-EB28-4270-84BA-F6EE2000C767}.Debug|x86.Build.0 = Debug|Win32
		{4F83EAF5-EB28-4270-84BA-F6EE2000C767}.Release|x64.ActiveCfg = Release|x64
		{4F83EAF5-EB28-4270-84BA-F6EE2000C767}.Release|x64.Build.0 = Release|x64
		{4F83EAF5-EB28-4270-84BA-F6EE2000C767}.Release|x86.ActiveCfg = Release|Win32
		{4F83EAF5-EB28-4270-84BA-F6EE2000C767}.Release|x86.Build.0 = Release|Win32
	EndGlobalSection
	GlobalSection(SolutionProperties) = preSolution
		HideSolutionNode = FALSE
	EndGlobalSection
	GlobalSection(ExtensibilityGlobals) = postSolution
		SolutionGuid = {C31E97B6-CE65-4F95-B96D-73E54969D028}
	EndGlobalSection
EndGlobal
